
Microsoft Visual Studio Solution File, Format Version 12.00
# Visual Studio Version 17
VisualStudioVersion = 17.2.32616.157
MinimumVisualStudioVersion = 10.0.40219.1
Project("{FAE04EC0-301F-11D3-BF4B-00C04F79EFBC}") = "BulkyBookWeb", "BulkyBookWeb\BulkyBookWeb.csproj", "{EB5E6D7B-6B30-406F-934D-912E2001099A}"
EndProject
Global
	GlobalSection(SolutionConfigurationPlatforms) = preSolution
		Debug|Any CPU = Debug|Any CPU
		Release|Any CPU = Release|Any CPU
	EndGlobalSection
	GlobalSection(ProjectConfigurationPlatforms) = postSolution
		{EB5E6D7B-6B30-406F-934D-912E2001099A}.Debug|Any CPU.ActiveCfg = Debug|Any CPU
		{EB5E6D7B-6B30-406F-934D-912E2001099A}.Debug|Any CPU.Build.0 = Debug|Any CPU
		{EB5E6D7B-6B30-406F-934D-912E2001099A}.Release|Any CPU.ActiveCfg = Release|Any CPU
		{EB5E6D7B-6B30-406F-934D-912E2001099A}.Release|Any CPU.Build.0 = Release|Any CPU
	EndGlobalSection
	GlobalSection(SolutionProperties) = preSolution
		HideSolutionNode = FALSE
	EndGlobalSection
	GlobalSection(ExtensibilityGlobals) = postSolution
		SolutionGuid = {219B8FFB-2AC2-43D7-90F0-9AB39E832146}
	EndGlobalSection
EndGlobal
